
Microsoft Visual Studio Solution File, Format Version 12.00
# Visual Studio Version 16
VisualStudioVersion = 16.0.29905.134
MinimumVisualStudioVersion = 10.0.40219.1
Project("{2150E333-8FDC-42A3-9474-1A3956D46DE8}") = "Files", "Files", "{A049F4E4-1A2A-4874-8B7E-2709AFBCA76B}"
	ProjectSection(SolutionItems) = preProject
		..\docs\sample.xml = ..\docs\sample.xml
	EndProjectSection
EndProject
Project("{FAE04EC0-301F-11D3-BF4B-00C04F79EFBC}") = "luval.rpa.navigator", "luval.rpa.navigator\luval.rpa.navigator.csproj", "{78C5144D-D7E8-4591-982F-846DAF9CBE2D}"
EndProject
Project("{FAE04EC0-301F-11D3-BF4B-00C04F79EFBC}") = "luval.rpa.common", "luval.rpa.common\luval.rpa.common.csproj", "{E27FC362-3C77-4C8F-9FFC-CA4357595611}"
EndProject
Project("{FAE04EC0-301F-11D3-BF4B-00C04F79EFBC}") = "luval.rpa.rules", "luval.rpa.rules\luval.rpa.rules.csproj", "{6B410379-1BFD-40A4-9B40-7F4B9A73FDB8}"
EndProject
Project("{FAE04EC0-301F-11D3-BF4B-00C04F79EFBC}") = "luval.rpa.terminal", "luval.rpa.terminal\luval.rpa.terminal.csproj", "{47D3ED90-1E1D-4192-8B53-44240CAC5334}"
EndProject
Global
	GlobalSection(SolutionConfigurationPlatforms) = preSolution
		Debug|Any CPU = Debug|Any CPU
		Release|Any CPU = Release|Any CPU
	EndGlobalSection
	GlobalSection(ProjectConfigurationPlatforms) = postSolution
		{78C5144D-D7E8-4591-982F-846DAF9CBE2D}.Debug|Any CPU.ActiveCfg = Debug|Any CPU
		{78C5144D-D7E8-4591-982F-846DAF9CBE2D}.Debug|Any CPU.Build.0 = Debug|Any CPU
		{78C5144D-D7E8-4591-982F-846DAF9CBE2D}.Release|Any CPU.ActiveCfg = Release|Any CPU
		{78C5144D-D7E8-4591-982F-846DAF9CBE2D}.Release|Any CPU.Build.0 = Release|Any CPU
		{E27FC362-3C77-4C8F-9FFC-CA4357595611}.Debug|Any CPU.ActiveCfg = Debug|Any CPU
		{E27FC362-3C77-4C8F-9FFC-CA4357595611}.Debug|Any CPU.Build.0 = Debug|Any CPU
		{E27FC362-3C77-4C8F-9FFC-CA4357595611}.Release|Any CPU.ActiveCfg = Release|Any CPU
		{E27FC362-3C77-4C8F-9FFC-CA4357595611}.Release|Any CPU.Build.0 = Release|Any CPU
		{6B410379-1BFD-40A4-9B40-7F4B9A73FDB8}.Debug|Any CPU.ActiveCfg = Debug|Any CPU
		{6B410379-1BFD-40A4-9B40-7F4B9A73FDB8}.Debug|Any CPU.Build.0 = Debug|Any CPU
		{6B410379-1BFD-40A4-9B40-7F4B9A73FDB8}.Release|Any CPU.ActiveCfg = Release|Any CPU
		{6B410379-1BFD-40A4-9B40-7F4B9A73FDB8}.Release|Any CPU.Build.0 = Release|Any CPU
		{47D3ED90-1E1D-4192-8B53-44240CAC5334}.Debug|Any CPU.ActiveCfg = Debug|Any CPU
		{47D3ED90-1E1D-4192-8B53-44240CAC5334}.Debug|Any CPU.Build.0 = Debug|Any CPU
		{47D3ED90-1E1D-4192-8B53-44240CAC5334}.Release|Any CPU.ActiveCfg = Release|Any CPU
		{47D3ED90-1E1D-4192-8B53-44240CAC5334}.Release|Any CPU.Build.0 = Release|Any CPU
	EndGlobalSection
	GlobalSection(SolutionProperties) = preSolution
		HideSolutionNode = FALSE
	EndGlobalSection
	GlobalSection(ExtensibilityGlobals) = postSolution
		SolutionGuid = {451D45D5-4B00-4D84-A57F-06E9D9856160}
	EndGlobalSection
EndGlobal
